
Microsoft Visual Studio Solution File, Format Version 12.00
# Visual Studio Version 16
VisualStudioVersion = 16.0.32228.343
MinimumVisualStudioVersion = 10.0.40219.1
Project("{FAE04EC0-301F-11D3-BF4B-00C04F79EFBC}") = "Eclerx.Question3.Anshuman", "Eclerx.Question3.Anshuman.csproj", "{8D476408-56B2-4EB9-A6CE-87308A51FD0E}"
EndProject
Global
	GlobalSection(SolutionConfigurationPlatforms) = preSolution
		Debug|Any CPU = Debug|Any CPU
		Release|Any CPU = Release|Any CPU
	EndGlobalSection
	GlobalSection(ProjectConfigurationPlatforms) = postSolution
		{8D476408-56B2-4EB9-A6CE-87308A51FD0E}.Debug|Any CPU.ActiveCfg = Debug|Any CPU
		{8D476408-56B2-4EB9-A6CE-87308A51FD0E}.Debug|Any CPU.Build.0 = Debug|Any CPU
		{8D476408-56B2-4EB9-A6CE-87308A51FD0E}.Release|Any CPU.ActiveCfg = Release|Any CPU
		{8D476408-56B2-4EB9-A6CE-87308A51FD0E}.Release|Any CPU.Build.0 = Release|Any CPU
	EndGlobalSection
	GlobalSection(SolutionProperties) = preSolution
		HideSolutionNode = FALSE
	EndGlobalSection
	GlobalSection(ExtensibilityGlobals) = postSolution
		SolutionGuid = {8D9AB839-5F89-43F5-BB38-930F88532387}
	EndGlobalSection
EndGlobal
